// !$*UTF8*$!
{
	archiveVersion = 1;
	classes = {
	};
	objectVersion = 46;
	objects = {

/* Begin PBXBuildFile section */
		CEB56BDD1C1BAEAB00F655BF /* AppDelegate.swift in Sources */ = {isa = PBXBuildFile; fileRef = CEB56BDC1C1BAEAB00F655BF /* AppDelegate.swift */; };
		CEB56BDF1C1BAEAB00F655BF /* ViewController.swift in Sources */ = {isa = PBXBuildFile; fileRef = CEB56BDE1C1BAEAB00F655BF /* ViewController.swift */; };
		CEB56BE21C1BAEAB00F655BF /* Main.storyboard in Resources */ = {isa = PBXBuildFile; fileRef = CEB56BE01C1BAEAB00F655BF /* Main.storyboard */; };
		CEB56BE41C1BAEAB00F655BF /* Assets.xcassets in Resources */ = {isa = PBXBuildFile; fileRef = CEB56BE31C1BAEAB00F655BF /* Assets.xcassets */; };
		CEB56BE71C1BAEAB00F655BF /* LaunchScreen.storyboard in Resources */ = {isa = PBXBuildFile; fileRef = CEB56BE51C1BAEAB00F655BF /* LaunchScreen.storyboard */; };
/* End PBXBuildFile section */

/* Begin PBXFileReference section */
		CEB56BD91C1BAEAB00F655BF /* pokedex.app */ = {isa = PBXFileReference; explicitFileType = wrapper.application; includeInIndex = 0; path = pokedex.app; sourceTree = BUILT_PRODUCTS_DIR; };
		CEB56BDC1C1BAEAB00F655BF /* AppDelegate.swift */ = {isa = PBXFileReference; lastKnownFileType = sourcecode.swift; path = AppDelegate.swift; sourceTree = "<group>"; };
		CEB56BDE1C1BAEAB00F655BF /* ViewController.swift */ = {isa = PBXFileReference; lastKnownFileType = sourcecode.swift; path = ViewController.swift; sourceTree = "<group>"; };
		CEB56BE11C1BAEAB00F655BF /* Base */ = {isa = PBXFileReference; lastKnownFileType = file.storyboard; name = Base; path = Base.lproj/Main.storyboard; sourceTree = "<group>"; };
		CEB56BE31C1BAEAB00F655BF /* Assets.xcassets */ = {isa = PBXFileReference; lastKnownFileType = folder.assetcatalog; path = Assets.xcassets; sourceTree = "<group>"; };
		CEB56BE61C1BAEAB00F655BF /* Base */ = {isa = PBXFileReference; lastKnownFileType = file.storyboard; name = Base; path = Base.lproj/LaunchScreen.storyboard; sourceTree = "<group>"; };
		CEB56BE81C1BAEAB00F655BF /* Info.plist */ = {isa = PBXFileReference; lastKnownFileType = text.plist.xml; path = Info.plist; sourceTree = "<group>"; };
/* End PBXFileReference section */

/* Begin PBXFrameworksBuildPhase section */
		CEB56BD61C1BAEAB00F655BF /* Frameworks */ = {
			isa = PBXFrameworksBuildPhase;
			buildActionMask = 2147483647;
			files = (
			);
			runOnlyForDeploymentPostprocessing = 0;
		};
/* End PBXFrameworksBuildPhase section */

/* Begin PBXGroup section */
		CEB56BD01C1BAEAB00F655BF = {
			isa = PBXGroup;
			children = (
				CEB56BDB1C1BAEAB00F655BF /* pokedex */,
				CEB56BDA1C1BAEAB00F655BF /* Products */,
			);
			sourceTree = "<group>";
		};
		CEB56BDA1C1BAEAB00F655BF /* Products */ = {
			isa = PBXGroup;
			children = (
				CEB56BD91C1BAEAB00F655BF /* pokedex.app */,
			);
			name = Products;
			sourceTree = "<group>";
		};
		CEB56BDB1C1BAEAB00F655BF /* pokedex */ = {
			isa = PBXGroup;
			children = (
				CEB56BDC1C1BAEAB00F655BF /* AppDelegate.swift */,
				CEB56BDE1C1BAEAB00F655BF /* ViewController.swift */,
				CEB56BE01C1BAEAB00F655BF /* Main.storyboard */,
				CEB56BE31C1BAEAB00F655BF /* Assets.xcassets */,
				CEB56BE51C1BAEAB00F655BF /* LaunchScreen.storyboard */,
				CEB56BE81C1BAEAB00F655BF /* Info.plist */,
			);
			path = pokedex;
			sourceTree = "<group>";
		};
/* End PBXGroup section */

/* Begin PBXNativeTarget section */
		CEB56BD81C1BAEAB00F655BF /* pokedex */ = {
			isa = PBXNativeTarget;
			buildConfigurationList = CEB56BEB1C1BAEAB00F655BF /* Build configuration list for PBXNativeTarget "pokedex" */;
			buildPhases = (
				CEB56BD51C1BAEAB00F655BF /* Sources */,
				CEB56BD61C1BAEAB00F655BF /* Frameworks */,
				CEB56BD71C1BAEAB00F655BF /* Resources */,
			);
			buildRules = (
			);
			dependencies = (
			);
			name = pokedex;
			productName = pokedex;
			productReference = CEB56BD91C1BAEAB00F655BF /* pokedex.app */;
			productType = "com.apple.product-type.application";
		};
/* End PBXNativeTarget section */

/* Begin PBXProject section */
		CEB56BD11C1BAEAB00F655BF /* Project object */ = {
			isa = PBXProject;
			attributes = {
				LastSwiftUpdateCheck = 0710;
				LastUpgradeCheck = 0710;
				ORGANIZATIONNAME = "Pakshi LLC";
				TargetAttributes = {
					CEB56BD81C1BAEAB00F655BF = {
						CreatedOnToolsVersion = 7.1;
						DevelopmentTeam = PZ6NFR2N94;
					};
				};
			};
			buildConfigurationList = CEB56BD41C1BAEAB00F655BF /* Build configuration list for PBXProject "pokedex" */;
			compatibilityVersion = "Xcode 3.2";
			developmentRegion = English;
			hasScannedForEncodings = 0;
			knownRegions = (
				en,
				Base,
			);
			mainGroup = CEB56BD01C1BAEAB00F655BF;
			productRefGroup = CEB56BDA1C1BAEAB00F655BF /* Products */;
			projectDirPath = "";
			projectRoot = "";
			targets = (
				CEB56BD81C1BAEAB00F655BF /* pokedex */,
			);
		};
/* End PBXProject section */

/* Begin PBXResourcesBuildPhase section */
		CEB56BD71C1BAEAB00F655BF /* Resources */ = {
			isa = PBXResourcesBuildPhase;
			buildActionMask = 2147483647;
			files = (
				CEB56BE71C1BAEAB00F655BF /* LaunchScreen.storyboard in Resources */,
				CEB56BE41C1BAEAB00F655BF /* Assets.xcassets in Resources */,
				CEB56BE21C1BAEAB00F655BF /* Main.storyboard in Resources */,
			);
			runOnlyForDeploymentPostprocessing = 0;
		};
/* End PBXResourcesBuildPhase section */

/* Begin PBXSourcesBuildPhase section */
		CEB56BD51C1BAEAB00F655BF /* Sources */ = {
			isa = PBXSourcesBuildPhase;
			buildActionMask = 2147483647;
			files = (
				CEB56BDF1C1BAEAB00F655BF /* ViewController.swift in Sources */,
				CEB56BDD1C1BAEAB00F655BF /* AppDelegate.swift in Sources */,
			);
			runOnlyForDeploymentPostprocessing = 0;
		};
/* End PBXSourcesBuildPhase section */

/* Begin PBXVariantGroup section */
		CEB56BE01C1BAEAB00F655BF /* Main.storyboard */ = {
			isa = PBXVariantGroup;
			children = (
				CEB56BE11C1BAEAB00F655BF /* Base */,
			);
			name = Main.storyboard;
			sourceTree = "<group>";
		};
		CEB56BE51C1BAEAB00F655BF /* LaunchScreen.storyboard */ = {
			isa = PBXVariantGroup;
			children = (
				CEB56BE61C1BAEAB00F655BF /* Base */,
			);
			name = LaunchScreen.storyboard;
			sourceTree = "<group>";
		};
/* End PBXVariantGroup section */

/* Begin XCBuildConfiguration section */
		CEB56BE91C1BAEAB00F655BF /* Debug */ = {
			isa = XCBuildConfiguration;
			buildSettings = {
				ALWAYS_SEARCH_USER_PATHS = NO;
				CLANG_CXX_LANGUAGE_STANDARD = "gnu++0x";
				CLANG_CXX_LIBRARY = "libc++";
				CLANG_ENABLE_MODULES = YES;
				CLANG_ENABLE_OBJC_ARC = YES;
				CLANG_WARN_BOOL_CONVERSION = YES;
				CLANG_WARN_CONSTANT_CONVERSION = YES;
				CLANG_WARN_DIRECT_OBJC_ISA_USAGE = YES_ERROR;
				CLANG_WARN_EMPTY_BODY = YES;
				CLANG_WARN_ENUM_CONVERSION = YES;
				CLANG_WARN_INT_CONVERSION = YES;
				CLANG_WARN_OBJC_ROOT_CLASS = YES_ERROR;
				CLANG_WARN_UNREACHABLE_CODE = YES;
				CLANG_WARN__DUPLICATE_METHOD_MATCH = YES;
				"CODE_SIGN_IDENTITY[sdk=iphoneos*]" = "iPhone Developer";
				COPY_PHASE_STRIP = NO;
				DEBUG_INFORMATION_FORMAT = dwarf;
				ENABLE_STRICT_OBJC_MSGSEND = YES;
				ENABLE_TESTABILITY = YES;
				GCC_C_LANGUAGE_STANDARD = gnu99;
				GCC_DYNAMIC_NO_PIC = NO;
				GCC_NO_COMMON_BLOCKS = YES;
				GCC_OPTIMIZATION_LEVEL = 0;
				GCC_PREPROCESSOR_DEFINITIONS = (
					"DEBUG=1",
					"$(inherited)",
				);
				GCC_WARN_64_TO_32_BIT_CONVERSION = YES;
				GCC_WARN_ABOUT_RETURN_TYPE = YES_ERROR;
				GCC_WARN_UNDECLARED_SELECTOR = YES;
				GCC_WARN_UNINITIALIZED_AUTOS = YES_AGGRESSIVE;
				GCC_WARN_UNUSED_FUNCTION = YES;
				GCC_WARN_UNUSED_VARIABLE = YES;
				IPHONEOS_DEPLOYMENT_TARGET = 9.1;
				MTL_ENABLE_DEBUG_INFO = YES;
				ONLY_ACTIVE_ARCH = YES;
				SDKROOT = iphoneos;
				SWIFT_OPTIMIZATION_LEVEL = "-Onone";
			};
			name = Debug;
		};
		CEB56BEA1C1BAEAB00F655BF /* Release */ = {
			isa = XCBuildConfiguration;
			buildSettings = {
				ALWAYS_SEARCH_USER_PATHS = NO;
				CLANG_CXX_LANGUAGE_STANDARD = "gnu++0x";
				CLANG_CXX_LIBRARY = "libc++";
				CLANG_ENABLE_MODULES = YES;
				CLANG_ENABLE_OBJC_ARC = YES;
				CLANG_WARN_BOOL_CONVERSION = YES;
				CLANG_WARN_CONSTANT_CONVERSION = YES;
				CLANG_WARN_DIRECT_OBJC_ISA_USAGE = YES_ERROR;
				CLANG_WARN_EMPTY_BODY = YES;
				CLANG_WARN_ENUM_CONVERSION = YES;
				CLANG_WARN_INT_CONVERSION = YES;
				CLANG_WARN_OBJC_ROOT_CLASS = YES_ERROR;
				CLANG_WARN_UNREACHABLE_CODE = YES;
				CLANG_WARN__DUPLICATE_METHOD_MATCH = YES;
				"CODE_SIGN_IDENTITY[sdk=iphoneos*]" = "iPhone Developer";
				COPY_PHASE_STRIP = NO;
				DEBUG_INFORMATION_FORMAT = "dwarf-with-dsym";
				ENABLE_NS_ASSERTIONS = NO;
				ENABLE_STRICT_OBJC_MSGSEND = YES;
				GCC_C_LANGUAGE_STANDARD = gnu99;
				GCC_NO_COMMON_BLOCKS = YES;
				GCC_WARN_64_TO_32_BIT_CONVERSION = YES;
				GCC_WARN_ABOUT_RETURN_TYPE = YES_ERROR;
				GCC_WARN_UNDECLARED_SELECTOR = YES;
				GCC_WARN_UNINITIALIZED_AUTOS = YES_AGGRESSIVE;
				GCC_WARN_UNUSED_FUNCTION = YES;
				GCC_WARN_UNUSED_VARIABLE = YES;
				IPHONEOS_DEPLOYMENT_TARGET = 9.1;
				MTL_ENABLE_DEBUG_INFO = NO;
				SDKROOT = iphoneos;
				VALIDATE_PRODUCT = YES;
			};
			name = Release;
		};
		CEB56BEC1C1BAEAB00F655BF /* Debug */ = {
			isa = XCBuildConfiguration;
			buildSettings = {
				ASSETCATALOG_COMPILER_APPICON_NAME = AppIcon;
				INFOPLIST_FILE = pokedex/Info.plist;
				LD_RUNPATH_SEARCH_PATHS = "$(inherited) @executable_path/Frameworks";
				PRODUCT_BUNDLE_IDENTIFIER = com.pakshi.pokedex;
				PRODUCT_NAME = "$(TARGET_NAME)";
			};
			name = Debug;
		};
		CEB56BED1C1BAEAB00F655BF /* Release */ = {
			isa = XCBuildConfiguration;
			buildSettings = {
				ASSETCATALOG_COMPILER_APPICON_NAME = AppIcon;
				INFOPLIST_FILE = pokedex/Info.plist;
				LD_RUNPATH_SEARCH_PATHS = "$(inherited) @executable_path/Frameworks";
				PRODUCT_BUNDLE_IDENTIFIER = com.pakshi.pokedex;
				PRODUCT_NAME = "$(TARGET_NAME)";
			};
			name = Release;
		};
/* End XCBuildConfiguration section */

/* Begin XCConfigurationList section */
		CEB56BD41C1BAEAB00F655BF /* Build configuration list for PBXProject "pokedex" */ = {
			isa = XCConfigurationList;
			buildConfigurations = (
				CEB56BE91C1BAEAB00F655BF /* Debug */,
				CEB56BEA1C1BAEAB00F655BF /* Release */,
			);
			defaultConfigurationIsVisible = 0;
			defaultConfigurationName = Release;
		};
		CEB56BEB1C1BAEAB00F655BF /* Build configuration list for PBXNativeTarget "pokedex" */ = {
			isa = XCConfigurationList;
			buildConfigurations = (
				CEB56BEC1C1BAEAB00F655BF /* Debug */,
				CEB56BED1C1BAEAB00F655BF /* Release */,
			);
			defaultConfigurationIsVisible = 0;
		};
/* End XCConfigurationList section */
	};
	rootObject = CEB56BD11C1BAEAB00F655BF /* Project object */;
}
